
Microsoft Visual Studio Solution File, Format Version 12.00
# Visual Studio 14
VisualStudioVersion = 14.0.23107.0
MinimumVisualStudioVersion = 10.0.40219.1
Project("{FAE04EC0-301F-11D3-BF4B-00C04F79EFBC}") = "SampleScraperClient", "SampleScraperClient\SampleScraperClient.csproj", "{18C16DD4-4587-4483-A19D-366F86854452}"
EndProject
Global
	GlobalSection(SolutionConfigurationPlatforms) = preSolution
		Debug|Any CPU = Debug|Any CPU
		Release|Any CPU = Release|Any CPU
	EndGlobalSection
	GlobalSection(ProjectConfigurationPlatforms) = postSolution
		{18C16DD4-4587-4483-A19D-366F86854452}.Debug|Any CPU.ActiveCfg = Debug|Any CPU
		{18C16DD4-4587-4483-A19D-366F86854452}.Debug|Any CPU.Build.0 = Debug|Any CPU
		{18C16DD4-4587-4483-A19D-366F86854452}.Release|Any CPU.ActiveCfg = Release|Any CPU
		{18C16DD4-4587-4483-A19D-366F86854452}.Release|Any CPU.Build.0 = Release|Any CPU
	EndGlobalSection
	GlobalSection(SolutionProperties) = preSolution
		HideSolutionNode = FALSE
	EndGlobalSection
EndGlobal
